
Microsoft Visual Studio Solution File, Format Version 12.00
# Visual Studio Version 17
VisualStudioVersion = 17.10.35004.147
MinimumVisualStudioVersion = 10.0.40219.1
Project("{FAE04EC0-301F-11D3-BF4B-00C04F79EFBC}") = "bangcuuchuong", "bangcuuchuong.csproj", "{EC8D09A4-E1BC-46E5-90D7-7A64A7B89666}"
EndProject
Global
	GlobalSection(SolutionConfigurationPlatforms) = preSolution
		Debug|Any CPU = Debug|Any CPU
		Release|Any CPU = Release|Any CPU
	EndGlobalSection
	GlobalSection(ProjectConfigurationPlatforms) = postSolution
		{EC8D09A4-E1BC-46E5-90D7-7A64A7B89666}.Debug|Any CPU.ActiveCfg = Debug|Any CPU
		{EC8D09A4-E1BC-46E5-90D7-7A64A7B89666}.Debug|Any CPU.Build.0 = Debug|Any CPU
		{EC8D09A4-E1BC-46E5-90D7-7A64A7B89666}.Release|Any CPU.ActiveCfg = Release|Any CPU
		{EC8D09A4-E1BC-46E5-90D7-7A64A7B89666}.Release|Any CPU.Build.0 = Release|Any CPU
	EndGlobalSection
	GlobalSection(SolutionProperties) = preSolution
		HideSolutionNode = FALSE
	EndGlobalSection
	GlobalSection(ExtensibilityGlobals) = postSolution
		SolutionGuid = {B29025B8-ABCE-4B10-938F-FF9E4F770479}
	EndGlobalSection
EndGlobal
